# This file was autogenerated by Stack.
# You should not edit this file by hand.
# For more information, please see the documentation at:
#   https://docs.haskellstack.org/en/stable/lock_files

packages: []
snapshots:
- completed:
    size: 496698
    url: https://raw.githubusercontent.com/commercialhaskell/stackage-snapshots/master/lts/13/10.yaml
    sha256: cccd8a6de18d13cd00f751b25684b3ca1e548648ea41874de78904fec1b9cb36
  original: lts-13.10
